
Microsoft Visual Studio Solution File, Format Version 12.00
# Visual Studio Version 17
VisualStudioVersion = 17.4.33213.308
MinimumVisualStudioVersion = 10.0.40219.1
Project("{FAE04EC0-301F-11D3-BF4B-00C04F79EFBC}") = "console app", "console app\console app.csproj", "{1CEB1D35-7D09-46AF-9535-FD3709D2032E}"
EndProject
Global
	GlobalSection(SolutionConfigurationPlatforms) = preSolution
		Debug|Any CPU = Debug|Any CPU
		Release|Any CPU = Release|Any CPU
	EndGlobalSection
	GlobalSection(ProjectConfigurationPlatforms) = postSolution
		{1CEB1D35-7D09-46AF-9535-FD3709D2032E}.Debug|Any CPU.ActiveCfg = Debug|Any CPU
		{1CEB1D35-7D09-46AF-9535-FD3709D2032E}.Debug|Any CPU.Build.0 = Debug|Any CPU
		{1CEB1D35-7D09-46AF-9535-FD3709D2032E}.Release|Any CPU.ActiveCfg = Release|Any CPU
		{1CEB1D35-7D09-46AF-9535-FD3709D2032E}.Release|Any CPU.Build.0 = Release|Any CPU
	EndGlobalSection
	GlobalSection(SolutionProperties) = preSolution
		HideSolutionNode = FALSE
	EndGlobalSection
	GlobalSection(ExtensibilityGlobals) = postSolution
		SolutionGuid = {2448F42E-C3E8-4507-9665-A4E345F874AD}
	EndGlobalSection
EndGlobal
